// !$*UTF8*$!
{
	archiveVersion = 1;
	classes = {
	};
	objectVersion = 56;
	objects = {

/* Begin PBXBuildFile section */
		04C344842DCDAB22008D9EC2 /* StunningAlertApp.swift in Sources */ = {isa = PBXBuildFile; fileRef = 04C344832DCDAB22008D9EC2 /* StunningAlertApp.swift */; };
		04C344862DCDAB22008D9EC2 /* ContentView.swift in Sources */ = {isa = PBXBuildFile; fileRef = 04C344852DCDAB22008D9EC2 /* ContentView.swift */; };
		04C344882DCDAB23008D9EC2 /* Assets.xcassets in Resources */ = {isa = PBXBuildFile; fileRef = 04C344872DCDAB23008D9EC2 /* Assets.xcassets */; };
		04C3448B2DCDAB23008D9EC2 /* Preview Assets.xcassets in Resources */ = {isa = PBXBuildFile; fileRef = 04C3448A2DCDAB23008D9EC2 /* Preview Assets.xcassets */; };
		04C344952DCDAB23008D9EC2 /* StunningAlertTests.swift in Sources */ = {isa = PBXBuildFile; fileRef = 04C344942DCDAB23008D9EC2 /* StunningAlertTests.swift */; };
		04C3449F2DCDAB23008D9EC2 /* StunningAlertUITests.swift in Sources */ = {isa = PBXBuildFile; fileRef = 04C3449E2DCDAB23008D9EC2 /* StunningAlertUITests.swift */; };
		04C344A12DCDAB23008D9EC2 /* StunningAlertUITestsLaunchTests.swift in Sources */ = {isa = PBXBuildFile; fileRef = 04C344A02DCDAB23008D9EC2 /* StunningAlertUITestsLaunchTests.swift */; };
		04C344B02DCDAB4C008D9EC2 /* CustomAlertView.swift in Sources */ = {isa = PBXBuildFile; fileRef = 04C344AF2DCDAB4C008D9EC2 /* CustomAlertView.swift */; };
		04C344B32DCDAB65008D9EC2 /* TypeAlert.swift in Sources */ = {isa = PBXBuildFile; fileRef = 04C344B22DCDAB65008D9EC2 /* TypeAlert.swift */; };
/* End PBXBuildFile section */

/* Begin PBXContainerItemProxy section */
		04C344912DCDAB23008D9EC2 /* PBXContainerItemProxy */ = {
			isa = PBXContainerItemProxy;
			containerPortal = 04C344782DCDAB22008D9EC2 /* Project object */;
			proxyType = 1;
			remoteGlobalIDString = 04C3447F2DCDAB22008D9EC2;
			remoteInfo = StunningAlert;
		};
		04C3449B2DCDAB23008D9EC2 /* PBXContainerItemProxy */ = {
			isa = PBXContainerItemProxy;
			containerPortal = 04C344782DCDAB22008D9EC2 /* Project object */;
			proxyType = 1;
			remoteGlobalIDString = 04C3447F2DCDAB22008D9EC2;
			remoteInfo = StunningAlert;
		};
/* End PBXContainerItemProxy section */

/* Begin PBXFileReference section */
		04C344802DCDAB22008D9EC2 /* StunningAlert.app */ = {isa = PBXFileReference; explicitFileType = wrapper.application; includeInIndex = 0; path = StunningAlert.app; sourceTree = BUILT_PRODUCTS_DIR; };
		04C344832DCDAB22008D9EC2 /* StunningAlertApp.swift */ = {isa = PBXFileReference; lastKnownFileType = sourcecode.swift; path = StunningAlertApp.swift; sourceTree = "<group>"; };
		04C344852DCDAB22008D9EC2 /* ContentView.swift */ = {isa = PBXFileReference; lastKnownFileType = sourcecode.swift; path = ContentView.swift; sourceTree = "<group>"; };
		04C344872DCDAB23008D9EC2 /* Assets.xcassets */ = {isa = PBXFileReference; lastKnownFileType = folder.assetcatalog; path = Assets.xcassets; sourceTree = "<group>"; };
		04C3448A2DCDAB23008D9EC2 /* Preview Assets.xcassets */ = {isa = PBXFileReference; lastKnownFileType = folder.assetcatalog; path = "Preview Assets.xcassets"; sourceTree = "<group>"; };
		04C344902DCDAB23008D9EC2 /* StunningAlertTests.xctest */ = {isa = PBXFileReference; explicitFileType = wrapper.cfbundle; includeInIndex = 0; path = StunningAlertTests.xctest; sourceTree = BUILT_PRODUCTS_DIR; };
		04C344942DCDAB23008D9EC2 /* StunningAlertTests.swift */ = {isa = PBXFileReference; lastKnownFileType = sourcecode.swift; path = StunningAlertTests.swift; sourceTree = "<group>"; };
		04C3449A2DCDAB23008D9EC2 /* StunningAlertUITests.xctest */ = {isa = PBXFileReference; explicitFileType = wrapper.cfbundle; includeInIndex = 0; path = StunningAlertUITests.xctest; sourceTree = BUILT_PRODUCTS_DIR; };
		04C3449E2DCDAB23008D9EC2 /* StunningAlertUITests.swift */ = {isa = PBXFileReference; lastKnownFileType = sourcecode.swift; path = StunningAlertUITests.swift; sourceTree = "<group>"; };
		04C344A02DCDAB23008D9EC2 /* StunningAlertUITestsLaunchTests.swift */ = {isa = PBXFileReference; lastKnownFileType = sourcecode.swift; path = StunningAlertUITestsLaunchTests.swift; sourceTree = "<group>"; };
		04C344AF2DCDAB4C008D9EC2 /* CustomAlertView.swift */ = {isa = PBXFileReference; lastKnownFileType = sourcecode.swift; path = CustomAlertView.swift; sourceTree = "<group>"; };
		04C344B22DCDAB65008D9EC2 /* TypeAlert.swift */ = {isa = PBXFileReference; lastKnownFileType = sourcecode.swift; path = TypeAlert.swift; sourceTree = "<group>"; };
/* End PBXFileReference section */

/* Begin PBXFrameworksBuildPhase section */
		04C3447D2DCDAB22008D9EC2 /* Frameworks */ = {
			isa = PBXFrameworksBuildPhase;
			buildActionMask = 2147483647;
			files = (
			);
			runOnlyForDeploymentPostprocessing = 0;
		};
		04C3448D2DCDAB23008D9EC2 /* Frameworks */ = {
			isa = PBXFrameworksBuildPhase;
			buildActionMask = 2147483647;
			files = (
			);
			runOnlyForDeploymentPostprocessing = 0;
		};
		04C344972DCDAB23008D9EC2 /* Frameworks */ = {
			isa = PBXFrameworksBuildPhase;
			buildActionMask = 2147483647;
			files = (
			);
			runOnlyForDeploymentPostprocessing = 0;
		};
/* End PBXFrameworksBuildPhase section */

/* Begin PBXGroup section */
		04C344772DCDAB22008D9EC2 = {
			isa = PBXGroup;
			children = (
				04C344822DCDAB22008D9EC2 /* StunningAlert */,
				04C344932DCDAB23008D9EC2 /* StunningAlertTests */,
				04C3449D2DCDAB23008D9EC2 /* StunningAlertUITests */,
				04C344812DCDAB22008D9EC2 /* Products */,
			);
			sourceTree = "<group>";
		};
		04C344812DCDAB22008D9EC2 /* Products */ = {
			isa = PBXGroup;
			children = (
				04C344802DCDAB22008D9EC2 /* StunningAlert.app */,
				04C344902DCDAB23008D9EC2 /* StunningAlertTests.xctest */,
				04C3449A2DCDAB23008D9EC2 /* StunningAlertUITests.xctest */,
			);
			name = Products;
			sourceTree = "<group>";
		};
		04C344822DCDAB22008D9EC2 /* StunningAlert */ = {
			isa = PBXGroup;
			children = (
				04C344B12DCDAB59008D9EC2 /* Data */,
				04C344AE2DCDAB38008D9EC2 /* CustomView */,
				04C344AD2DCDAB32008D9EC2 /* View */,
				04C344832DCDAB22008D9EC2 /* StunningAlertApp.swift */,
				04C344852DCDAB22008D9EC2 /* ContentView.swift */,
				04C344872DCDAB23008D9EC2 /* Assets.xcassets */,
				04C344892DCDAB23008D9EC2 /* Preview Content */,
			);
			path = StunningAlert;
			sourceTree = "<group>";
		};
		04C344892DCDAB23008D9EC2 /* Preview Content */ = {
			isa = PBXGroup;
			children = (
				04C3448A2DCDAB23008D9EC2 /* Preview Assets.xcassets */,
			);
			path = "Preview Content";
			sourceTree = "<group>";
		};
		04C344932DCDAB23008D9EC2 /* StunningAlertTests */ = {
			isa = PBXGroup;
			children = (
				04C344942DCDAB23008D9EC2 /* StunningAlertTests.swift */,
			);
			path = StunningAlertTests;
			sourceTree = "<group>";
		};
		04C3449D2DCDAB23008D9EC2 /* StunningAlertUITests */ = {
			isa = PBXGroup;
			children = (
				04C3449E2DCDAB23008D9EC2 /* StunningAlertUITests.swift */,
				04C344A02DCDAB23008D9EC2 /* StunningAlertUITestsLaunchTests.swift */,
			);
			path = StunningAlertUITests;
			sourceTree = "<group>";
		};
		04C344AD2DCDAB32008D9EC2 /* View */ = {
			isa = PBXGroup;
			children = (
			);
			path = View;
			sourceTree = "<group>";
		};
		04C344AE2DCDAB38008D9EC2 /* CustomView */ = {
			isa = PBXGroup;
			children = (
				04C344AF2DCDAB4C008D9EC2 /* CustomAlertView.swift */,
			);
			path = CustomView;
			sourceTree = "<group>";
		};
		04C344B12DCDAB59008D9EC2 /* Data */ = {
			isa = PBXGroup;
			children = (
				04C344B22DCDAB65008D9EC2 /* TypeAlert.swift */,
			);
			path = Data;
			sourceTree = "<group>";
		};
/* End PBXGroup section */

/* Begin PBXNativeTarget section */
		04C3447F2DCDAB22008D9EC2 /* StunningAlert */ = {
			isa = PBXNativeTarget;
			buildConfigurationList = 04C344A42DCDAB23008D9EC2 /* Build configuration list for PBXNativeTarget "StunningAlert" */;
			buildPhases = (
				04C3447C2DCDAB22008D9EC2 /* Sources */,
				04C3447D2DCDAB22008D9EC2 /* Frameworks */,
				04C3447E2DCDAB22008D9EC2 /* Resources */,
			);
			buildRules = (
			);
			dependencies = (
			);
			name = StunningAlert;
			productName = StunningAlert;
			productReference = 04C344802DCDAB22008D9EC2 /* StunningAlert.app */;
			productType = "com.apple.product-type.application";
		};
		04C3448F2DCDAB23008D9EC2 /* StunningAlertTests */ = {
			isa = PBXNativeTarget;
			buildConfigurationList = 04C344A72DCDAB23008D9EC2 /* Build configuration list for PBXNativeTarget "StunningAlertTests" */;
			buildPhases = (
				04C3448C2DCDAB23008D9EC2 /* Sources */,
				04C3448D2DCDAB23008D9EC2 /* Frameworks */,
				04C3448E2DCDAB23008D9EC2 /* Resources */,
			);
			buildRules = (
			);
			dependencies = (
				04C344922DCDAB23008D9EC2 /* PBXTargetDependency */,
			);
			name = StunningAlertTests;
			productName = StunningAlertTests;
			productReference = 04C344902DCDAB23008D9EC2 /* StunningAlertTests.xctest */;
			productType = "com.apple.product-type.bundle.unit-test";
		};
		04C344992DCDAB23008D9EC2 /* StunningAlertUITests */ = {
			isa = PBXNativeTarget;
			buildConfigurationList = 04C344AA2DCDAB23008D9EC2 /* Build configuration list for PBXNativeTarget "StunningAlertUITests" */;
			buildPhases = (
				04C344962DCDAB23008D9EC2 /* Sources */,
				04C344972DCDAB23008D9EC2 /* Frameworks */,
				04C344982DCDAB23008D9EC2 /* Resources */,
			);
			buildRules = (
			);
			dependencies = (
				04C3449C2DCDAB23008D9EC2 /* PBXTargetDependency */,
			);
			name = StunningAlertUITests;
			productName = StunningAlertUITests;
			productReference = 04C3449A2DCDAB23008D9EC2 /* StunningAlertUITests.xctest */;
			productType = "com.apple.product-type.bundle.ui-testing";
		};
/* End PBXNativeTarget section */

/* Begin PBXProject section */
		04C344782DCDAB22008D9EC2 /* Project object */ = {
			isa = PBXProject;
			attributes = {
				BuildIndependentTargetsInParallel = 1;
				LastSwiftUpdateCheck = 1530;
				LastUpgradeCheck = 1530;
				TargetAttributes = {
					04C3447F2DCDAB22008D9EC2 = {
						CreatedOnToolsVersion = 15.3;
					};
					04C3448F2DCDAB23008D9EC2 = {
						CreatedOnToolsVersion = 15.3;
						TestTargetID = 04C3447F2DCDAB22008D9EC2;
					};
					04C344992DCDAB23008D9EC2 = {
						CreatedOnToolsVersion = 15.3;
						TestTargetID = 04C3447F2DCDAB22008D9EC2;
					};
				};
			};
			buildConfigurationList = 04C3447B2DCDAB22008D9EC2 /* Build configuration list for PBXProject "StunningAlert" */;
			compatibilityVersion = "Xcode 14.0";
			developmentRegion = en;
			hasScannedForEncodings = 0;
			knownRegions = (
				en,
				Base,
			);
			mainGroup = 04C344772DCDAB22008D9EC2;
			productRefGroup = 04C344812DCDAB22008D9EC2 /* Products */;
			projectDirPath = "";
			projectRoot = "";
			targets = (
				04C3447F2DCDAB22008D9EC2 /* StunningAlert */,
				04C3448F2DCDAB23008D9EC2 /* StunningAlertTests */,
				04C344992DCDAB23008D9EC2 /* StunningAlertUITests */,
			);
		};
/* End PBXProject section */

/* Begin PBXResourcesBuildPhase section */
		04C3447E2DCDAB22008D9EC2 /* Resources */ = {
			isa = PBXResourcesBuildPhase;
			buildActionMask = 2147483647;
			files = (
				04C3448B2DCDAB23008D9EC2 /* Preview Assets.xcassets in Resources */,
				04C344882DCDAB23008D9EC2 /* Assets.xcassets in Resources */,
			);
			runOnlyForDeploymentPostprocessing = 0;
		};
		04C3448E2DCDAB23008D9EC2 /* Resources */ = {
			isa = PBXResourcesBuildPhase;
			buildActionMask = 2147483647;
			files = (
			);
			runOnlyForDeploymentPostprocessing = 0;
		};
		04C344982DCDAB23008D9EC2 /* Resources */ = {
			isa = PBXResourcesBuildPhase;
			buildActionMask = 2147483647;
			files = (
			);
			runOnlyForDeploymentPostprocessing = 0;
		};
/* End PBXResourcesBuildPhase section */

/* Begin PBXSourcesBuildPhase section */
		04C3447C2DCDAB22008D9EC2 /* Sources */ = {
			isa = PBXSourcesBuildPhase;
			buildActionMask = 2147483647;
			files = (
				04C344B32DCDAB65008D9EC2 /* TypeAlert.swift in Sources */,
				04C344B02DCDAB4C008D9EC2 /* CustomAlertView.swift in Sources */,
				04C344862DCDAB22008D9EC2 /* ContentView.swift in Sources */,
				04C344842DCDAB22008D9EC2 /* StunningAlertApp.swift in Sources */,
			);
			runOnlyForDeploymentPostprocessing = 0;
		};
		04C3448C2DCDAB23008D9EC2 /* Sources */ = {
			isa = PBXSourcesBuildPhase;
			buildActionMask = 2147483647;
			files = (
				04C344952DCDAB23008D9EC2 /* StunningAlertTests.swift in Sources */,
			);
			runOnlyForDeploymentPostprocessing = 0;
		};
		04C344962DCDAB23008D9EC2 /* Sources */ = {
			isa = PBXSourcesBuildPhase;
			buildActionMask = 2147483647;
			files = (
				04C3449F2DCDAB23008D9EC2 /* StunningAlertUITests.swift in Sources */,
				04C344A12DCDAB23008D9EC2 /* StunningAlertUITestsLaunchTests.swift in Sources */,
			);
			runOnlyForDeploymentPostprocessing = 0;
		};
/* End PBXSourcesBuildPhase section */

/* Begin PBXTargetDependency section */
		04C344922DCDAB23008D9EC2 /* PBXTargetDependency */ = {
			isa = PBXTargetDependency;
			target = 04C3447F2DCDAB22008D9EC2 /* StunningAlert */;
			targetProxy = 04C344912DCDAB23008D9EC2 /* PBXContainerItemProxy */;
		};
		04C3449C2DCDAB23008D9EC2 /* PBXTargetDependency */ = {
			isa = PBXTargetDependency;
			target = 04C3447F2DCDAB22008D9EC2 /* StunningAlert */;
			targetProxy = 04C3449B2DCDAB23008D9EC2 /* PBXContainerItemProxy */;
		};
/* End PBXTargetDependency section */

/* Begin XCBuildConfiguration section */
		04C344A22DCDAB23008D9EC2 /* Debug */ = {
			isa = XCBuildConfiguration;
			buildSettings = {
				ALWAYS_SEARCH_USER_PATHS = NO;
				ASSETCATALOG_COMPILER_GENERATE_SWIFT_ASSET_SYMBOL_EXTENSIONS = YES;
				CLANG_ANALYZER_NONNULL = YES;
				CLANG_ANALYZER_NUMBER_OBJECT_CONVERSION = YES_AGGRESSIVE;
				CLANG_CXX_LANGUAGE_STANDARD = "gnu++20";
				CLANG_ENABLE_MODULES = YES;
				CLANG_ENABLE_OBJC_ARC = YES;
				CLANG_ENABLE_OBJC_WEAK = YES;
				CLANG_WARN_BLOCK_CAPTURE_AUTORELEASING = YES;
				CLANG_WARN_BOOL_CONVERSION = YES;
				CLANG_WARN_COMMA = YES;
				CLANG_WARN_CONSTANT_CONVERSION = YES;
				CLANG_WARN_DEPRECATED_OBJC_IMPLEMENTATIONS = YES;
				CLANG_WARN_DIRECT_OBJC_ISA_USAGE = YES_ERROR;
				CLANG_WARN_DOCUMENTATION_COMMENTS = YES;
				CLANG_WARN_EMPTY_BODY = YES;
				CLANG_WARN_ENUM_CONVERSION = YES;
				CLANG_WARN_INFINITE_RECURSION = YES;
				CLANG_WARN_INT_CONVERSION = YES;
				CLANG_WARN_NON_LITERAL_NULL_CONVERSION = YES;
				CLANG_WARN_OBJC_IMPLICIT_RETAIN_SELF = YES;
				CLANG_WARN_OBJC_LITERAL_CONVERSION = YES;
				CLANG_WARN_OBJC_ROOT_CLASS = YES_ERROR;
				CLANG_WARN_QUOTED_INCLUDE_IN_FRAMEWORK_HEADER = YES;
				CLANG_WARN_RANGE_LOOP_ANALYSIS = YES;
				CLANG_WARN_STRICT_PROTOTYPES = YES;
				CLANG_WARN_SUSPICIOUS_MOVE = YES;
				CLANG_WARN_UNGUARDED_AVAILABILITY = YES_AGGRESSIVE;
				CLANG_WARN_UNREACHABLE_CODE = YES;
				CLANG_WARN__DUPLICATE_METHOD_MATCH = YES;
				COPY_PHASE_STRIP = NO;
				DEBUG_INFORMATION_FORMAT = dwarf;
				ENABLE_STRICT_OBJC_MSGSEND = YES;
				ENABLE_TESTABILITY = YES;
				ENABLE_USER_SCRIPT_SANDBOXING = YES;
				GCC_C_LANGUAGE_STANDARD = gnu17;
				GCC_DYNAMIC_NO_PIC = NO;
				GCC_NO_COMMON_BLOCKS = YES;
				GCC_OPTIMIZATION_LEVEL = 0;
				GCC_PREPROCESSOR_DEFINITIONS = (
					"DEBUG=1",
					"$(inherited)",
				);
				GCC_WARN_64_TO_32_BIT_CONVERSION = YES;
				GCC_WARN_ABOUT_RETURN_TYPE = YES_ERROR;
				GCC_WARN_UNDECLARED_SELECTOR = YES;
				GCC_WARN_UNINITIALIZED_AUTOS = YES_AGGRESSIVE;
				GCC_WARN_UNUSED_FUNCTION = YES;
				GCC_WARN_UNUSED_VARIABLE = YES;
				IPHONEOS_DEPLOYMENT_TARGET = 17.4;
				LOCALIZATION_PREFERS_STRING_CATALOGS = YES;
				MTL_ENABLE_DEBUG_INFO = INCLUDE_SOURCE;
				MTL_FAST_MATH = YES;
				ONLY_ACTIVE_ARCH = YES;
				SDKROOT = iphoneos;
				SWIFT_ACTIVE_COMPILATION_CONDITIONS = "DEBUG $(inherited)";
				SWIFT_OPTIMIZATION_LEVEL = "-Onone";
			};
			name = Debug;
		};
		04C344A32DCDAB23008D9EC2 /* Release */ = {
			isa = XCBuildConfiguration;
			buildSettings = {
				ALWAYS_SEARCH_USER_PATHS = NO;
				ASSETCATALOG_COMPILER_GENERATE_SWIFT_ASSET_SYMBOL_EXTENSIONS = YES;
				CLANG_ANALYZER_NONNULL = YES;
				CLANG_ANALYZER_NUMBER_OBJECT_CONVERSION = YES_AGGRESSIVE;
				CLANG_CXX_LANGUAGE_STANDARD = "gnu++20";
				CLANG_ENABLE_MODULES = YES;
				CLANG_ENABLE_OBJC_ARC = YES;
				CLANG_ENABLE_OBJC_WEAK = YES;
				CLANG_WARN_BLOCK_CAPTURE_AUTORELEASING = YES;
				CLANG_WARN_BOOL_CONVERSION = YES;
				CLANG_WARN_COMMA = YES;
				CLANG_WARN_CONSTANT_CONVERSION = YES;
				CLANG_WARN_DEPRECATED_OBJC_IMPLEMENTATIONS = YES;
				CLANG_WARN_DIRECT_OBJC_ISA_USAGE = YES_ERROR;
				CLANG_WARN_DOCUMENTATION_COMMENTS = YES;
				CLANG_WARN_EMPTY_BODY = YES;
				CLANG_WARN_ENUM_CONVERSION = YES;
				CLANG_WARN_INFINITE_RECURSION = YES;
				CLANG_WARN_INT_CONVERSION = YES;
				CLANG_WARN_NON_LITERAL_NULL_CONVERSION = YES;
				CLANG_WARN_OBJC_IMPLICIT_RETAIN_SELF = YES;
				CLANG_WARN_OBJC_LITERAL_CONVERSION = YES;
				CLANG_WARN_OBJC_ROOT_CLASS = YES_ERROR;
				CLANG_WARN_QUOTED_INCLUDE_IN_FRAMEWORK_HEADER = YES;
				CLANG_WARN_RANGE_LOOP_ANALYSIS = YES;
				CLANG_WARN_STRICT_PROTOTYPES = YES;
				CLANG_WARN_SUSPICIOUS_MOVE = YES;
				CLANG_WARN_UNGUARDED_AVAILABILITY = YES_AGGRESSIVE;
				CLANG_WARN_UNREACHABLE_CODE = YES;
				CLANG_WARN__DUPLICATE_METHOD_MATCH = YES;
				COPY_PHASE_STRIP = NO;
				DEBUG_INFORMATION_FORMAT = "dwarf-with-dsym";
				ENABLE_NS_ASSERTIONS = NO;
				ENABLE_STRICT_OBJC_MSGSEND = YES;
				ENABLE_USER_SCRIPT_SANDBOXING = YES;
				GCC_C_LANGUAGE_STANDARD = gnu17;
				GCC_NO_COMMON_BLOCKS = YES;
				GCC_WARN_64_TO_32_BIT_CONVERSION = YES;
				GCC_WARN_ABOUT_RETURN_TYPE = YES_ERROR;
				GCC_WARN_UNDECLARED_SELECTOR = YES;
				GCC_WARN_UNINITIALIZED_AUTOS = YES_AGGRESSIVE;
				GCC_WARN_UNUSED_FUNCTION = YES;
				GCC_WARN_UNUSED_VARIABLE = YES;
				IPHONEOS_DEPLOYMENT_TARGET = 17.4;
				LOCALIZATION_PREFERS_STRING_CATALOGS = YES;
				MTL_ENABLE_DEBUG_INFO = NO;
				MTL_FAST_MATH = YES;
				SDKROOT = iphoneos;
				SWIFT_COMPILATION_MODE = wholemodule;
				VALIDATE_PRODUCT = YES;
			};
			name = Release;
		};
		04C344A52DCDAB23008D9EC2 /* Debug */ = {
			isa = XCBuildConfiguration;
			buildSettings = {
				ASSETCATALOG_COMPILER_APPICON_NAME = AppIcon;
				ASSETCATALOG_COMPILER_GLOBAL_ACCENT_COLOR_NAME = AccentColor;
				CODE_SIGN_STYLE = Automatic;
				CURRENT_PROJECT_VERSION = 1;
				DEVELOPMENT_ASSET_PATHS = "\"StunningAlert/Preview Content\"";
				DEVELOPMENT_TEAM = VN26ACW8NV;
				ENABLE_PREVIEWS = YES;
				GENERATE_INFOPLIST_FILE = YES;
				INFOPLIST_KEY_UIApplicationSceneManifest_Generation = YES;
				INFOPLIST_KEY_UIApplicationSupportsIndirectInputEvents = YES;
				INFOPLIST_KEY_UILaunchScreen_Generation = YES;
				INFOPLIST_KEY_UISupportedInterfaceOrientations_iPad = "UIInterfaceOrientationPortrait UIInterfaceOrientationPortraitUpsideDown UIInterfaceOrientationLandscapeLeft UIInterfaceOrientationLandscapeRight";
				INFOPLIST_KEY_UISupportedInterfaceOrientations_iPhone = "UIInterfaceOrientationPortrait UIInterfaceOrientationLandscapeLeft UIInterfaceOrientationLandscapeRight";
				LD_RUNPATH_SEARCH_PATHS = (
					"$(inherited)",
					"@executable_path/Frameworks",
				);
				MARKETING_VERSION = 1.0;
				PRODUCT_BUNDLE_IDENTIFIER = Lamle96.StunningAlert;
				PRODUCT_NAME = "$(TARGET_NAME)";
				SWIFT_EMIT_LOC_STRINGS = YES;
				SWIFT_VERSION = 5.0;
				TARGETED_DEVICE_FAMILY = "1,2";
			};
			name = Debug;
		};
		04C344A62DCDAB23008D9EC2 /* Release */ = {
			isa = XCBuildConfiguration;
			buildSettings = {
				ASSETCATALOG_COMPILER_APPICON_NAME = AppIcon;
				ASSETCATALOG_COMPILER_GLOBAL_ACCENT_COLOR_NAME = AccentColor;
				CODE_SIGN_STYLE = Automatic;
				CURRENT_PROJECT_VERSION = 1;
				DEVELOPMENT_ASSET_PATHS = "\"StunningAlert/Preview Content\"";
				DEVELOPMENT_TEAM = VN26ACW8NV;
				ENABLE_PREVIEWS = YES;
				GENERATE_INFOPLIST_FILE = YES;
				INFOPLIST_KEY_UIApplicationSceneManifest_Generation = YES;
				INFOPLIST_KEY_UIApplicationSupportsIndirectInputEvents = YES;
				INFOPLIST_KEY_UILaunchScreen_Generation = YES;
				INFOPLIST_KEY_UISupportedInterfaceOrientations_iPad = "UIInterfaceOrientationPortrait UIInterfaceOrientationPortraitUpsideDown UIInterfaceOrientationLandscapeLeft UIInterfaceOrientationLandscapeRight";
				INFOPLIST_KEY_UISupportedInterfaceOrientations_iPhone = "UIInterfaceOrientationPortrait UIInterfaceOrientationLandscapeLeft UIInterfaceOrientationLandscapeRight";
				LD_RUNPATH_SEARCH_PATHS = (
					"$(inherited)",
					"@executable_path/Frameworks",
				);
				MARKETING_VERSION = 1.0;
				PRODUCT_BUNDLE_IDENTIFIER = Lamle96.StunningAlert;
				PRODUCT_NAME = "$(TARGET_NAME)";
				SWIFT_EMIT_LOC_STRINGS = YES;
				SWIFT_VERSION = 5.0;
				TARGETED_DEVICE_FAMILY = "1,2";
			};
			name = Release;
		};
		04C344A82DCDAB23008D9EC2 /* Debug */ = {
			isa = XCBuildConfiguration;
			buildSettings = {
				ALWAYS_EMBED_SWIFT_STANDARD_LIBRARIES = YES;
				BUNDLE_LOADER = "$(TEST_HOST)";
				CODE_SIGN_STYLE = Automatic;
				CURRENT_PROJECT_VERSION = 1;
				DEVELOPMENT_TEAM = VN26ACW8NV;
				GENERATE_INFOPLIST_FILE = YES;
				IPHONEOS_DEPLOYMENT_TARGET = 17.4;
				MARKETING_VERSION = 1.0;
				PRODUCT_BUNDLE_IDENTIFIER = Lamle96.StunningAlertTests;
				PRODUCT_NAME = "$(TARGET_NAME)";
				SWIFT_EMIT_LOC_STRINGS = NO;
				SWIFT_VERSION = 5.0;
				TARGETED_DEVICE_FAMILY = "1,2";
				TEST_HOST = "$(BUILT_PRODUCTS_DIR)/StunningAlert.app/$(BUNDLE_EXECUTABLE_FOLDER_PATH)/StunningAlert";
			};
			name = Debug;
		};
		04C344A92DCDAB23008D9EC2 /* Release */ = {
			isa = XCBuildConfiguration;
			buildSettings = {
				ALWAYS_EMBED_SWIFT_STANDARD_LIBRARIES = YES;
				BUNDLE_LOADER = "$(TEST_HOST)";
				CODE_SIGN_STYLE = Automatic;
				CURRENT_PROJECT_VERSION = 1;
				DEVELOPMENT_TEAM = VN26ACW8NV;
				GENERATE_INFOPLIST_FILE = YES;
				IPHONEOS_DEPLOYMENT_TARGET = 17.4;
				MARKETING_VERSION = 1.0;
				PRODUCT_BUNDLE_IDENTIFIER = Lamle96.StunningAlertTests;
				PRODUCT_NAME = "$(TARGET_NAME)";
				SWIFT_EMIT_LOC_STRINGS = NO;
				SWIFT_VERSION = 5.0;
				TARGETED_DEVICE_FAMILY = "1,2";
				TEST_HOST = "$(BUILT_PRODUCTS_DIR)/StunningAlert.app/$(BUNDLE_EXECUTABLE_FOLDER_PATH)/StunningAlert";
			};
			name = Release;
		};
		04C344AB2DCDAB23008D9EC2 /* Debug */ = {
			isa = XCBuildConfiguration;
			buildSettings = {
				ALWAYS_EMBED_SWIFT_STANDARD_LIBRARIES = YES;
				CODE_SIGN_STYLE = Automatic;
				CURRENT_PROJECT_VERSION = 1;
				DEVELOPMENT_TEAM = VN26ACW8NV;
				GENERATE_INFOPLIST_FILE = YES;
				MARKETING_VERSION = 1.0;
				PRODUCT_BUNDLE_IDENTIFIER = Lamle96.StunningAlertUITests;
				PRODUCT_NAME = "$(TARGET_NAME)";
				SWIFT_EMIT_LOC_STRINGS = NO;
				SWIFT_VERSION = 5.0;
				TARGETED_DEVICE_FAMILY = "1,2";
				TEST_TARGET_NAME = StunningAlert;
			};
			name = Debug;
		};
		04C344AC2DCDAB23008D9EC2 /* Release */ = {
			isa = XCBuildConfiguration;
			buildSettings = {
				ALWAYS_EMBED_SWIFT_STANDARD_LIBRARIES = YES;
				CODE_SIGN_STYLE = Automatic;
				CURRENT_PROJECT_VERSION = 1;
				DEVELOPMENT_TEAM = VN26ACW8NV;
				GENERATE_INFOPLIST_FILE = YES;
				MARKETING_VERSION = 1.0;
				PRODUCT_BUNDLE_IDENTIFIER = Lamle96.StunningAlertUITests;
				PRODUCT_NAME = "$(TARGET_NAME)";
				SWIFT_EMIT_LOC_STRINGS = NO;
				SWIFT_VERSION = 5.0;
				TARGETED_DEVICE_FAMILY = "1,2";
				TEST_TARGET_NAME = StunningAlert;
			};
			name = Release;
		};
/* End XCBuildConfiguration section */

/* Begin XCConfigurationList section */
		04C3447B2DCDAB22008D9EC2 /* Build configuration list for PBXProject "StunningAlert" */ = {
			isa = XCConfigurationList;
			buildConfigurations = (
				04C344A22DCDAB23008D9EC2 /* Debug */,
				04C344A32DCDAB23008D9EC2 /* Release */,
			);
			defaultConfigurationIsVisible = 0;
			defaultConfigurationName = Release;
		};
		04C344A42DCDAB23008D9EC2 /* Build configuration list for PBXNativeTarget "StunningAlert" */ = {
			isa = XCConfigurationList;
			buildConfigurations = (
				04C344A52DCDAB23008D9EC2 /* Debug */,
				04C344A62DCDAB23008D9EC2 /* Release */,
			);
			defaultConfigurationIsVisible = 0;
			defaultConfigurationName = Release;
		};
		04C344A72DCDAB23008D9EC2 /* Build configuration list for PBXNativeTarget "StunningAlertTests" */ = {
			isa = XCConfigurationList;
			buildConfigurations = (
				04C344A82DCDAB23008D9EC2 /* Debug */,
				04C344A92DCDAB23008D9EC2 /* Release */,
			);
			defaultConfigurationIsVisible = 0;
			defaultConfigurationName = Release;
		};
		04C344AA2DCDAB23008D9EC2 /* Build configuration list for PBXNativeTarget "StunningAlertUITests" */ = {
			isa = XCConfigurationList;
			buildConfigurations = (
				04C344AB2DCDAB23008D9EC2 /* Debug */,
				04C344AC2DCDAB23008D9EC2 /* Release */,
			);
			defaultConfigurationIsVisible = 0;
			defaultConfigurationName = Release;
		};
/* End XCConfigurationList section */
	};
	rootObject = 04C344782DCDAB22008D9EC2 /* Project object */;
}
